
Microsoft Visual Studio Solution File, Format Version 12.00
# Visual Studio 2013
VisualStudioVersion = 12.0.30723.0
MinimumVisualStudioVersion = 10.0.40219.1
Project("{FAE04EC0-301F-11D3-BF4B-00C04F79EFBC}") = "DocProject.ProjectTemplate", "DocProject\DocProject.ProjectTemplate\DocProject.ProjectTemplate.csproj", "{078245CE-FBE3-4320-8AA9-1EBD0503DD83}"
EndProject
Project("{FAE04EC0-301F-11D3-BF4B-00C04F79EFBC}") = "DocProject.ProjectType", "DocProject\DocProject.ProjectType\DocProject.ProjectType.csproj", "{980849CB-2C29-46A7-BCB4-F2C78DAC042D}"
EndProject
Project("{FAE04EC0-301F-11D3-BF4B-00C04F79EFBC}") = "DocProject.VSIX", "DocProject.VSIX\DocProject.VSIX.csproj", "{67DA8117-A8DE-4D41-A5D7-1A71535A4216}"
EndProject
Global
	GlobalSection(SolutionConfigurationPlatforms) = preSolution
		Debug|Any CPU = Debug|Any CPU
		Release|Any CPU = Release|Any CPU
	EndGlobalSection
	GlobalSection(ProjectConfigurationPlatforms) = postSolution
		{078245CE-FBE3-4320-8AA9-1EBD0503DD83}.Debug|Any CPU.ActiveCfg = Debug|Any CPU
		{078245CE-FBE3-4320-8AA9-1EBD0503DD83}.Debug|Any CPU.Build.0 = Debug|Any CPU
		{078245CE-FBE3-4320-8AA9-1EBD0503DD83}.Release|Any CPU.ActiveCfg = Release|Any CPU
		{078245CE-FBE3-4320-8AA9-1EBD0503DD83}.Release|Any CPU.Build.0 = Release|Any CPU
		{980849CB-2C29-46A7-BCB4-F2C78DAC042D}.Debug|Any CPU.ActiveCfg = Debug|Any CPU
		{980849CB-2C29-46A7-BCB4-F2C78DAC042D}.Debug|Any CPU.Build.0 = Debug|Any CPU
		{980849CB-2C29-46A7-BCB4-F2C78DAC042D}.Release|Any CPU.ActiveCfg = Release|Any CPU
		{980849CB-2C29-46A7-BCB4-F2C78DAC042D}.Release|Any CPU.Build.0 = Release|Any CPU
		{67DA8117-A8DE-4D41-A5D7-1A71535A4216}.Debug|Any CPU.ActiveCfg = Debug|Any CPU
		{67DA8117-A8DE-4D41-A5D7-1A71535A4216}.Debug|Any CPU.Build.0 = Debug|Any CPU
		{67DA8117-A8DE-4D41-A5D7-1A71535A4216}.Release|Any CPU.ActiveCfg = Release|Any CPU
		{67DA8117-A8DE-4D41-A5D7-1A71535A4216}.Release|Any CPU.Build.0 = Release|Any CPU
	EndGlobalSection
	GlobalSection(SolutionProperties) = preSolution
		HideSolutionNode = FALSE
	EndGlobalSection
EndGlobal
