
Microsoft Visual Studio Solution File, Format Version 12.00
# Visual Studio 14
VisualStudioVersion = 14.0.22310.1
MinimumVisualStudioVersion = 10.0.40219.1
Project("{FAE04EC0-301F-11D3-BF4B-00C04F79EFBC}") = "GenDocMetadata", "GenDoc\GenDocMetadata\GenDocMetadata.csproj", "{4A25A6D2-4FF3-46B2-8762-233DB53897EF}"
EndProject
Project("{FAE04EC0-301F-11D3-BF4B-00C04F79EFBC}") = "MergeDoc", "GenDoc\MergeDoc\MergeDoc.csproj", "{1AA25BE4-1D92-45B0-A11C-CEE96E3125D3}"
EndProject
Project("{FAE04EC0-301F-11D3-BF4B-00C04F79EFBC}") = "EntityModel", "GenDoc\EntityModel\EntityModel.csproj", "{A4BE543D-2CF1-40AB-9889-E9E48CBF7DFE}"
EndProject
Project("{FAE04EC0-301F-11D3-BF4B-00C04F79EFBC}") = "Utility", "GenDoc\Utility\Utility.csproj", "{619EC13D-8939-4F23-B7DC-7A98964BB9A4}"
EndProject
Project("{FAE04EC0-301F-11D3-BF4B-00C04F79EFBC}") = "DocContextMenuPackage", "DocContextMenuPackage\DocContextMenuPackage\DocContextMenuPackage.csproj", "{7A625105-CE07-4B48-9639-80F0A84ECB6D}"
EndProject
Project("{FAE04EC0-301F-11D3-BF4B-00C04F79EFBC}") = "DocProjectVsix", "DocProjectVsix\DocProjectVsix\DocProjectVsix.csproj", "{3B3B48BC-84C8-4F2B-AEA9-DF6154E357A1}"
EndProject
Global
	GlobalSection(SolutionConfigurationPlatforms) = preSolution
		Debug|Any CPU = Debug|Any CPU
		Debug|x86 = Debug|x86
		Release|Any CPU = Release|Any CPU
		Release|x86 = Release|x86
	EndGlobalSection
	GlobalSection(ProjectConfigurationPlatforms) = postSolution
		{4A25A6D2-4FF3-46B2-8762-233DB53897EF}.Debug|Any CPU.ActiveCfg = Debug|x86
		{4A25A6D2-4FF3-46B2-8762-233DB53897EF}.Debug|x86.ActiveCfg = Debug|x86
		{4A25A6D2-4FF3-46B2-8762-233DB53897EF}.Debug|x86.Build.0 = Debug|x86
		{4A25A6D2-4FF3-46B2-8762-233DB53897EF}.Release|Any CPU.ActiveCfg = Release|x86
		{4A25A6D2-4FF3-46B2-8762-233DB53897EF}.Release|x86.ActiveCfg = Release|x86
		{4A25A6D2-4FF3-46B2-8762-233DB53897EF}.Release|x86.Build.0 = Release|x86
		{1AA25BE4-1D92-45B0-A11C-CEE96E3125D3}.Debug|Any CPU.ActiveCfg = Debug|Any CPU
		{1AA25BE4-1D92-45B0-A11C-CEE96E3125D3}.Debug|Any CPU.Build.0 = Debug|Any CPU
		{1AA25BE4-1D92-45B0-A11C-CEE96E3125D3}.Debug|x86.ActiveCfg = Debug|Any CPU
		{1AA25BE4-1D92-45B0-A11C-CEE96E3125D3}.Debug|x86.Build.0 = Debug|Any CPU
		{1AA25BE4-1D92-45B0-A11C-CEE96E3125D3}.Release|Any CPU.ActiveCfg = Release|Any CPU
		{1AA25BE4-1D92-45B0-A11C-CEE96E3125D3}.Release|Any CPU.Build.0 = Release|Any CPU
		{1AA25BE4-1D92-45B0-A11C-CEE96E3125D3}.Release|x86.ActiveCfg = Release|Any CPU
		{1AA25BE4-1D92-45B0-A11C-CEE96E3125D3}.Release|x86.Build.0 = Release|Any CPU
		{A4BE543D-2CF1-40AB-9889-E9E48CBF7DFE}.Debug|Any CPU.ActiveCfg = Debug|Any CPU
		{A4BE543D-2CF1-40AB-9889-E9E48CBF7DFE}.Debug|Any CPU.Build.0 = Debug|Any CPU
		{A4BE543D-2CF1-40AB-9889-E9E48CBF7DFE}.Debug|x86.ActiveCfg = Debug|Any CPU
		{A4BE543D-2CF1-40AB-9889-E9E48CBF7DFE}.Debug|x86.Build.0 = Debug|Any CPU
		{A4BE543D-2CF1-40AB-9889-E9E48CBF7DFE}.Release|Any CPU.ActiveCfg = Release|Any CPU
		{A4BE543D-2CF1-40AB-9889-E9E48CBF7DFE}.Release|Any CPU.Build.0 = Release|Any CPU
		{A4BE543D-2CF1-40AB-9889-E9E48CBF7DFE}.Release|x86.ActiveCfg = Release|Any CPU
		{A4BE543D-2CF1-40AB-9889-E9E48CBF7DFE}.Release|x86.Build.0 = Release|Any CPU
		{619EC13D-8939-4F23-B7DC-7A98964BB9A4}.Debug|Any CPU.ActiveCfg = Debug|Any CPU
		{619EC13D-8939-4F23-B7DC-7A98964BB9A4}.Debug|Any CPU.Build.0 = Debug|Any CPU
		{619EC13D-8939-4F23-B7DC-7A98964BB9A4}.Debug|x86.ActiveCfg = Debug|Any CPU
		{619EC13D-8939-4F23-B7DC-7A98964BB9A4}.Debug|x86.Build.0 = Debug|Any CPU
		{619EC13D-8939-4F23-B7DC-7A98964BB9A4}.Release|Any CPU.ActiveCfg = Release|Any CPU
		{619EC13D-8939-4F23-B7DC-7A98964BB9A4}.Release|Any CPU.Build.0 = Release|Any CPU
		{619EC13D-8939-4F23-B7DC-7A98964BB9A4}.Release|x86.ActiveCfg = Release|Any CPU
		{619EC13D-8939-4F23-B7DC-7A98964BB9A4}.Release|x86.Build.0 = Release|Any CPU
		{7A625105-CE07-4B48-9639-80F0A84ECB6D}.Debug|Any CPU.ActiveCfg = Debug|Any CPU
		{7A625105-CE07-4B48-9639-80F0A84ECB6D}.Debug|Any CPU.Build.0 = Debug|Any CPU
		{7A625105-CE07-4B48-9639-80F0A84ECB6D}.Debug|x86.ActiveCfg = Debug|Any CPU
		{7A625105-CE07-4B48-9639-80F0A84ECB6D}.Debug|x86.Build.0 = Debug|Any CPU
		{7A625105-CE07-4B48-9639-80F0A84ECB6D}.Release|Any CPU.ActiveCfg = Release|Any CPU
		{7A625105-CE07-4B48-9639-80F0A84ECB6D}.Release|Any CPU.Build.0 = Release|Any CPU
		{7A625105-CE07-4B48-9639-80F0A84ECB6D}.Release|x86.ActiveCfg = Release|Any CPU
		{7A625105-CE07-4B48-9639-80F0A84ECB6D}.Release|x86.Build.0 = Release|Any CPU
		{3B3B48BC-84C8-4F2B-AEA9-DF6154E357A1}.Debug|Any CPU.ActiveCfg = Debug|Any CPU
		{3B3B48BC-84C8-4F2B-AEA9-DF6154E357A1}.Debug|Any CPU.Build.0 = Debug|Any CPU
		{3B3B48BC-84C8-4F2B-AEA9-DF6154E357A1}.Debug|x86.ActiveCfg = Debug|Any CPU
		{3B3B48BC-84C8-4F2B-AEA9-DF6154E357A1}.Debug|x86.Build.0 = Debug|Any CPU
		{3B3B48BC-84C8-4F2B-AEA9-DF6154E357A1}.Release|Any CPU.ActiveCfg = Release|Any CPU
		{3B3B48BC-84C8-4F2B-AEA9-DF6154E357A1}.Release|Any CPU.Build.0 = Release|Any CPU
		{3B3B48BC-84C8-4F2B-AEA9-DF6154E357A1}.Release|x86.ActiveCfg = Release|Any CPU
		{3B3B48BC-84C8-4F2B-AEA9-DF6154E357A1}.Release|x86.Build.0 = Release|Any CPU
	EndGlobalSection
	GlobalSection(SolutionProperties) = preSolution
		HideSolutionNode = FALSE
	EndGlobalSection
EndGlobal
