
Microsoft Visual Studio Solution File, Format Version 12.00
# Visual Studio 14
VisualStudioVersion = 14.0.22310.1
MinimumVisualStudioVersion = 10.0.40219.1
Project("{FAE04EC0-301F-11D3-BF4B-00C04F79EFBC}") = "GenDocMetadata", "GenDoc\GenDocMetadata\GenDocMetadata.csproj", "{4A25A6D2-4FF3-46B2-8762-233DB53897EF}"
EndProject
Project("{FAE04EC0-301F-11D3-BF4B-00C04F79EFBC}") = "MergeDoc", "GenDoc\MergeDoc\MergeDoc.csproj", "{1AA25BE4-1D92-45B0-A11C-CEE96E3125D3}"
EndProject
Project("{FAE04EC0-301F-11D3-BF4B-00C04F79EFBC}") = "EntityModel", "GenDoc\EntityModel\EntityModel.csproj", "{A4BE543D-2CF1-40AB-9889-E9E48CBF7DFE}"
EndProject
Project("{FAE04EC0-301F-11D3-BF4B-00C04F79EFBC}") = "Utility", "GenDoc\Utility\Utility.csproj", "{619EC13D-8939-4F23-B7DC-7A98964BB9A4}"
EndProject
Project("{FAE04EC0-301F-11D3-BF4B-00C04F79EFBC}") = "DocProjectVsix", "DocProjectVsix\DocProjectVsix\DocProjectVsix.csproj", "{3B3B48BC-84C8-4F2B-AEA9-DF6154E357A1}"
EndProject
Project("{FAE04EC0-301F-11D3-BF4B-00C04F79EFBC}") = "PublishDoc", "PublishDoc\PublishDoc.csproj", "{F6CBB448-7A7D-4140-BE6B-ECB4D6E95868}"
EndProject
Project("{FAE04EC0-301F-11D3-BF4B-00C04F79EFBC}") = "ConfigPublish", "ConfigPublish\ConfigPublish.csproj", "{796B4E73-D40C-43F2-AEAC-1B161DDDAE07}"
EndProject
Project("{FAE04EC0-301F-11D3-BF4B-00C04F79EFBC}") = "BuildMeta", "GenDoc\BuildMeta\BuildMeta.csproj", "{72F23021-B92B-4F4A-960E-F6D55CE114F0}"
EndProject
Project("{FAE04EC0-301F-11D3-BF4B-00C04F79EFBC}") = "UnitTest", "UnitTest\UnitTest.csproj", "{AA8AA0EE-C15B-4539-87DC-A2472E80EC2B}"
EndProject
Project("{2150E333-8FDC-42A3-9474-1A3956D46DE8}") = ".nuget", ".nuget", "{EC9D85F1-2BD4-498E-982F-8454F3D7ADA8}"
	ProjectSection(SolutionItems) = preProject
		.nuget\packages.config = .nuget\packages.config
	EndProjectSection
EndProject
Global
	GlobalSection(SolutionConfigurationPlatforms) = preSolution
		Debug|Any CPU = Debug|Any CPU
		Debug|Mixed Platforms = Debug|Mixed Platforms
		Debug|x86 = Debug|x86
		Release|Any CPU = Release|Any CPU
		Release|Mixed Platforms = Release|Mixed Platforms
		Release|x86 = Release|x86
	EndGlobalSection
	GlobalSection(ProjectConfigurationPlatforms) = postSolution
		{4A25A6D2-4FF3-46B2-8762-233DB53897EF}.Debug|Any CPU.ActiveCfg = Debug|x86
		{4A25A6D2-4FF3-46B2-8762-233DB53897EF}.Debug|Mixed Platforms.ActiveCfg = Debug|x86
		{4A25A6D2-4FF3-46B2-8762-233DB53897EF}.Debug|Mixed Platforms.Build.0 = Debug|x86
		{4A25A6D2-4FF3-46B2-8762-233DB53897EF}.Debug|x86.ActiveCfg = Debug|x86
		{4A25A6D2-4FF3-46B2-8762-233DB53897EF}.Debug|x86.Build.0 = Debug|x86
		{4A25A6D2-4FF3-46B2-8762-233DB53897EF}.Release|Any CPU.ActiveCfg = Release|x86
		{4A25A6D2-4FF3-46B2-8762-233DB53897EF}.Release|Mixed Platforms.ActiveCfg = Release|x86
		{4A25A6D2-4FF3-46B2-8762-233DB53897EF}.Release|Mixed Platforms.Build.0 = Release|x86
		{4A25A6D2-4FF3-46B2-8762-233DB53897EF}.Release|x86.ActiveCfg = Release|x86
		{4A25A6D2-4FF3-46B2-8762-233DB53897EF}.Release|x86.Build.0 = Release|x86
		{1AA25BE4-1D92-45B0-A11C-CEE96E3125D3}.Debug|Any CPU.ActiveCfg = Debug|Any CPU
		{1AA25BE4-1D92-45B0-A11C-CEE96E3125D3}.Debug|Any CPU.Build.0 = Debug|Any CPU
		{1AA25BE4-1D92-45B0-A11C-CEE96E3125D3}.Debug|Mixed Platforms.ActiveCfg = Debug|Any CPU
		{1AA25BE4-1D92-45B0-A11C-CEE96E3125D3}.Debug|Mixed Platforms.Build.0 = Debug|Any CPU
		{1AA25BE4-1D92-45B0-A11C-CEE96E3125D3}.Debug|x86.ActiveCfg = Debug|Any CPU
		{1AA25BE4-1D92-45B0-A11C-CEE96E3125D3}.Debug|x86.Build.0 = Debug|Any CPU
		{1AA25BE4-1D92-45B0-A11C-CEE96E3125D3}.Release|Any CPU.ActiveCfg = Release|Any CPU
		{1AA25BE4-1D92-45B0-A11C-CEE96E3125D3}.Release|Any CPU.Build.0 = Release|Any CPU
		{1AA25BE4-1D92-45B0-A11C-CEE96E3125D3}.Release|Mixed Platforms.ActiveCfg = Release|Any CPU
		{1AA25BE4-1D92-45B0-A11C-CEE96E3125D3}.Release|Mixed Platforms.Build.0 = Release|Any CPU
		{1AA25BE4-1D92-45B0-A11C-CEE96E3125D3}.Release|x86.ActiveCfg = Release|Any CPU
		{1AA25BE4-1D92-45B0-A11C-CEE96E3125D3}.Release|x86.Build.0 = Release|Any CPU
		{A4BE543D-2CF1-40AB-9889-E9E48CBF7DFE}.Debug|Any CPU.ActiveCfg = Debug|Any CPU
		{A4BE543D-2CF1-40AB-9889-E9E48CBF7DFE}.Debug|Any CPU.Build.0 = Debug|Any CPU
		{A4BE543D-2CF1-40AB-9889-E9E48CBF7DFE}.Debug|Mixed Platforms.ActiveCfg = Debug|Any CPU
		{A4BE543D-2CF1-40AB-9889-E9E48CBF7DFE}.Debug|Mixed Platforms.Build.0 = Debug|Any CPU
		{A4BE543D-2CF1-40AB-9889-E9E48CBF7DFE}.Debug|x86.ActiveCfg = Debug|Any CPU
		{A4BE543D-2CF1-40AB-9889-E9E48CBF7DFE}.Debug|x86.Build.0 = Debug|Any CPU
		{A4BE543D-2CF1-40AB-9889-E9E48CBF7DFE}.Release|Any CPU.ActiveCfg = Release|Any CPU
		{A4BE543D-2CF1-40AB-9889-E9E48CBF7DFE}.Release|Any CPU.Build.0 = Release|Any CPU
		{A4BE543D-2CF1-40AB-9889-E9E48CBF7DFE}.Release|Mixed Platforms.ActiveCfg = Release|Any CPU
		{A4BE543D-2CF1-40AB-9889-E9E48CBF7DFE}.Release|Mixed Platforms.Build.0 = Release|Any CPU
		{A4BE543D-2CF1-40AB-9889-E9E48CBF7DFE}.Release|x86.ActiveCfg = Release|Any CPU
		{A4BE543D-2CF1-40AB-9889-E9E48CBF7DFE}.Release|x86.Build.0 = Release|Any CPU
		{619EC13D-8939-4F23-B7DC-7A98964BB9A4}.Debug|Any CPU.ActiveCfg = Debug|Any CPU
		{619EC13D-8939-4F23-B7DC-7A98964BB9A4}.Debug|Any CPU.Build.0 = Debug|Any CPU
		{619EC13D-8939-4F23-B7DC-7A98964BB9A4}.Debug|Mixed Platforms.ActiveCfg = Debug|Any CPU
		{619EC13D-8939-4F23-B7DC-7A98964BB9A4}.Debug|Mixed Platforms.Build.0 = Debug|Any CPU
		{619EC13D-8939-4F23-B7DC-7A98964BB9A4}.Debug|x86.ActiveCfg = Debug|Any CPU
		{619EC13D-8939-4F23-B7DC-7A98964BB9A4}.Debug|x86.Build.0 = Debug|Any CPU
		{619EC13D-8939-4F23-B7DC-7A98964BB9A4}.Release|Any CPU.ActiveCfg = Release|Any CPU
		{619EC13D-8939-4F23-B7DC-7A98964BB9A4}.Release|Any CPU.Build.0 = Release|Any CPU
		{619EC13D-8939-4F23-B7DC-7A98964BB9A4}.Release|Mixed Platforms.ActiveCfg = Release|Any CPU
		{619EC13D-8939-4F23-B7DC-7A98964BB9A4}.Release|Mixed Platforms.Build.0 = Release|Any CPU
		{619EC13D-8939-4F23-B7DC-7A98964BB9A4}.Release|x86.ActiveCfg = Release|Any CPU
		{619EC13D-8939-4F23-B7DC-7A98964BB9A4}.Release|x86.Build.0 = Release|Any CPU
		{3B3B48BC-84C8-4F2B-AEA9-DF6154E357A1}.Debug|Any CPU.ActiveCfg = Debug|Any CPU
		{3B3B48BC-84C8-4F2B-AEA9-DF6154E357A1}.Debug|Any CPU.Build.0 = Debug|Any CPU
		{3B3B48BC-84C8-4F2B-AEA9-DF6154E357A1}.Debug|Mixed Platforms.ActiveCfg = Debug|Any CPU
		{3B3B48BC-84C8-4F2B-AEA9-DF6154E357A1}.Debug|Mixed Platforms.Build.0 = Debug|Any CPU
		{3B3B48BC-84C8-4F2B-AEA9-DF6154E357A1}.Debug|x86.ActiveCfg = Debug|Any CPU
		{3B3B48BC-84C8-4F2B-AEA9-DF6154E357A1}.Debug|x86.Build.0 = Debug|Any CPU
		{3B3B48BC-84C8-4F2B-AEA9-DF6154E357A1}.Release|Any CPU.ActiveCfg = Release|Any CPU
		{3B3B48BC-84C8-4F2B-AEA9-DF6154E357A1}.Release|Any CPU.Build.0 = Release|Any CPU
		{3B3B48BC-84C8-4F2B-AEA9-DF6154E357A1}.Release|Mixed Platforms.ActiveCfg = Release|Any CPU
		{3B3B48BC-84C8-4F2B-AEA9-DF6154E357A1}.Release|Mixed Platforms.Build.0 = Release|Any CPU
		{3B3B48BC-84C8-4F2B-AEA9-DF6154E357A1}.Release|x86.ActiveCfg = Release|Any CPU
		{3B3B48BC-84C8-4F2B-AEA9-DF6154E357A1}.Release|x86.Build.0 = Release|Any CPU
		{F6CBB448-7A7D-4140-BE6B-ECB4D6E95868}.Debug|Any CPU.ActiveCfg = Debug|Any CPU
		{F6CBB448-7A7D-4140-BE6B-ECB4D6E95868}.Debug|Any CPU.Build.0 = Debug|Any CPU
		{F6CBB448-7A7D-4140-BE6B-ECB4D6E95868}.Debug|Mixed Platforms.ActiveCfg = Debug|Any CPU
		{F6CBB448-7A7D-4140-BE6B-ECB4D6E95868}.Debug|Mixed Platforms.Build.0 = Debug|Any CPU
		{F6CBB448-7A7D-4140-BE6B-ECB4D6E95868}.Debug|x86.ActiveCfg = Debug|Any CPU
		{F6CBB448-7A7D-4140-BE6B-ECB4D6E95868}.Debug|x86.Build.0 = Debug|Any CPU
		{F6CBB448-7A7D-4140-BE6B-ECB4D6E95868}.Release|Any CPU.ActiveCfg = Release|Any CPU
		{F6CBB448-7A7D-4140-BE6B-ECB4D6E95868}.Release|Any CPU.Build.0 = Release|Any CPU
		{F6CBB448-7A7D-4140-BE6B-ECB4D6E95868}.Release|Mixed Platforms.ActiveCfg = Release|Any CPU
		{F6CBB448-7A7D-4140-BE6B-ECB4D6E95868}.Release|Mixed Platforms.Build.0 = Release|Any CPU
		{F6CBB448-7A7D-4140-BE6B-ECB4D6E95868}.Release|x86.ActiveCfg = Release|Any CPU
		{F6CBB448-7A7D-4140-BE6B-ECB4D6E95868}.Release|x86.Build.0 = Release|Any CPU
		{796B4E73-D40C-43F2-AEAC-1B161DDDAE07}.Debug|Any CPU.ActiveCfg = Debug|Any CPU
		{796B4E73-D40C-43F2-AEAC-1B161DDDAE07}.Debug|Any CPU.Build.0 = Debug|Any CPU
		{796B4E73-D40C-43F2-AEAC-1B161DDDAE07}.Debug|Mixed Platforms.ActiveCfg = Debug|Any CPU
		{796B4E73-D40C-43F2-AEAC-1B161DDDAE07}.Debug|Mixed Platforms.Build.0 = Debug|Any CPU
		{796B4E73-D40C-43F2-AEAC-1B161DDDAE07}.Debug|x86.ActiveCfg = Debug|Any CPU
		{796B4E73-D40C-43F2-AEAC-1B161DDDAE07}.Debug|x86.Build.0 = Debug|Any CPU
		{796B4E73-D40C-43F2-AEAC-1B161DDDAE07}.Release|Any CPU.ActiveCfg = Release|Any CPU
		{796B4E73-D40C-43F2-AEAC-1B161DDDAE07}.Release|Any CPU.Build.0 = Release|Any CPU
		{796B4E73-D40C-43F2-AEAC-1B161DDDAE07}.Release|Mixed Platforms.ActiveCfg = Release|Any CPU
		{796B4E73-D40C-43F2-AEAC-1B161DDDAE07}.Release|Mixed Platforms.Build.0 = Release|Any CPU
		{796B4E73-D40C-43F2-AEAC-1B161DDDAE07}.Release|x86.ActiveCfg = Release|Any CPU
		{796B4E73-D40C-43F2-AEAC-1B161DDDAE07}.Release|x86.Build.0 = Release|Any CPU
		{72F23021-B92B-4F4A-960E-F6D55CE114F0}.Debug|Any CPU.ActiveCfg = Debug|x86
		{72F23021-B92B-4F4A-960E-F6D55CE114F0}.Debug|Mixed Platforms.ActiveCfg = Debug|x86
		{72F23021-B92B-4F4A-960E-F6D55CE114F0}.Debug|Mixed Platforms.Build.0 = Debug|x86
		{72F23021-B92B-4F4A-960E-F6D55CE114F0}.Debug|x86.ActiveCfg = Debug|x86
		{72F23021-B92B-4F4A-960E-F6D55CE114F0}.Debug|x86.Build.0 = Debug|x86
		{72F23021-B92B-4F4A-960E-F6D55CE114F0}.Release|Any CPU.ActiveCfg = Release|x86
		{72F23021-B92B-4F4A-960E-F6D55CE114F0}.Release|Mixed Platforms.ActiveCfg = Release|x86
		{72F23021-B92B-4F4A-960E-F6D55CE114F0}.Release|Mixed Platforms.Build.0 = Release|x86
		{72F23021-B92B-4F4A-960E-F6D55CE114F0}.Release|x86.ActiveCfg = Release|x86
		{72F23021-B92B-4F4A-960E-F6D55CE114F0}.Release|x86.Build.0 = Release|x86
		{AA8AA0EE-C15B-4539-87DC-A2472E80EC2B}.Debug|Any CPU.ActiveCfg = Debug|Any CPU
		{AA8AA0EE-C15B-4539-87DC-A2472E80EC2B}.Debug|Any CPU.Build.0 = Debug|Any CPU
		{AA8AA0EE-C15B-4539-87DC-A2472E80EC2B}.Debug|Mixed Platforms.ActiveCfg = Debug|Any CPU
		{AA8AA0EE-C15B-4539-87DC-A2472E80EC2B}.Debug|Mixed Platforms.Build.0 = Debug|Any CPU
		{AA8AA0EE-C15B-4539-87DC-A2472E80EC2B}.Debug|x86.ActiveCfg = Debug|Any CPU
		{AA8AA0EE-C15B-4539-87DC-A2472E80EC2B}.Debug|x86.Build.0 = Debug|Any CPU
		{AA8AA0EE-C15B-4539-87DC-A2472E80EC2B}.Release|Any CPU.ActiveCfg = Release|Any CPU
		{AA8AA0EE-C15B-4539-87DC-A2472E80EC2B}.Release|Any CPU.Build.0 = Release|Any CPU
		{AA8AA0EE-C15B-4539-87DC-A2472E80EC2B}.Release|Mixed Platforms.ActiveCfg = Release|Any CPU
		{AA8AA0EE-C15B-4539-87DC-A2472E80EC2B}.Release|Mixed Platforms.Build.0 = Release|Any CPU
		{AA8AA0EE-C15B-4539-87DC-A2472E80EC2B}.Release|x86.ActiveCfg = Release|Any CPU
		{AA8AA0EE-C15B-4539-87DC-A2472E80EC2B}.Release|x86.Build.0 = Release|Any CPU
	EndGlobalSection
	GlobalSection(SolutionProperties) = preSolution
		HideSolutionNode = FALSE
	EndGlobalSection
EndGlobal
